// !$*UTF8*$!
{
	archiveVersion = 1;
	classes = {
	};
	objectVersion = 77;
	objects = {

/* Begin PBXBuildFile section */
		002C62EAE7F30A6CD4C71251 /* Color+Adaptive.swift in Sources */ = {isa = PBXBuildFile; fileRef = 45239B576A785991FA1E564D /* Color+Adaptive.swift */; };
		047D410548F926BD17171391 /* CleanupService.swift in Sources */ = {isa = PBXBuildFile; fileRef = 37F171CC37AB350FCC075176 /* CleanupService.swift */; };
		098E7056BDC30AD1A6305445 /* AppDetailPanel.swift in Sources */ = {isa = PBXBuildFile; fileRef = 229DB321A669BD75235A5555 /* AppDetailPanel.swift */; };
		0D57250655BBE5464AA55C8D /* SidebarView.swift in Sources */ = {isa = PBXBuildFile; fileRef = 0AD83C26579DAB9A3C990650 /* SidebarView.swift */; };
		17E49EED528F57BF899E3AFA /* ContentView.swift in Sources */ = {isa = PBXBuildFile; fileRef = 53BAAB249D511F10DE12A735 /* ContentView.swift */; };
		1AB9BA4BDDA64D3A3731B84D /* AppUninstallerView.swift in Sources */ = {isa = PBXBuildFile; fileRef = A18670BF6E0728BC2EFC2FA0 /* AppUninstallerView.swift */; };
		1CDE71E12D8A69F1E87C5633 /* CleanupReviewView.swift in Sources */ = {isa = PBXBuildFile; fileRef = 74BFEF2D8CE6A682AC21DA8D /* CleanupReviewView.swift */; };
		1E357F3DDCBEEFE6B3287C56 /* HealthScoreBreakdownView.swift in Sources */ = {isa = PBXBuildFile; fileRef = 3D41288BB6D125AAA0F004A5 /* HealthScoreBreakdownView.swift */; };
		1EAE90BADA01B1ECE5C6225B /* FullDiskAccessBanner.swift in Sources */ = {isa = PBXBuildFile; fileRef = F6CFC69969E13F905E4493A7 /* FullDiskAccessBanner.swift */; };
		20B5BFD7185EA68FCEF201B2 /* SmartScanViewModel.swift in Sources */ = {isa = PBXBuildFile; fileRef = E8EB73D0E8BF07975D1095C2 /* SmartScanViewModel.swift */; };
		22A5933DF7F70E08185DB2BB /* VervainUITests.swift in Sources */ = {isa = PBXBuildFile; fileRef = 71A3ED8B07A6307FE8D2BE65 /* VervainUITests.swift */; };
		2321D1CDB33195E66ED00CD7 /* CleanupCategoryTests.swift in Sources */ = {isa = PBXBuildFile; fileRef = EDF0147791F9F24F101B742D /* CleanupCategoryTests.swift */; };
		A1B2C3D4E5F60718293A4B5C /* CleanupServiceSafetyTests.swift in Sources */ = {isa = PBXBuildFile; fileRef = A1B2C3D4E5F60718293A4B5D /* CleanupServiceSafetyTests.swift */; };
		3AFD459974A122BAEF2C1608 /* CleanupItemRow.swift in Sources */ = {isa = PBXBuildFile; fileRef = 5B0B129CDE89F863BDF613E9 /* CleanupItemRow.swift */; };
		4245825AD43FF469A0E1BEB5 /* FileUtils.swift in Sources */ = {isa = PBXBuildFile; fileRef = CCF49D4DC8132A07BE241CAD /* FileUtils.swift */; };
		5779015287E845E457E5FC7B /* OnboardingView.swift in Sources */ = {isa = PBXBuildFile; fileRef = 059662B59C1D710940143627 /* OnboardingView.swift */; };
		59424627DCAB7F4B4ED1BAF9 /* JunkScanner.swift in Sources */ = {isa = PBXBuildFile; fileRef = CF2436C0411B3B105B995EA8 /* JunkScanner.swift */; };
		5DA2235921201405C6E46B3D /* AppUninstallerViewModel.swift in Sources */ = {isa = PBXBuildFile; fileRef = F1F4106EAD248920AD54E94E /* AppUninstallerViewModel.swift */; };
		5E3409065D4C903B01B250F4 /* InfoPlist.xcstrings in Resources */ = {isa = PBXBuildFile; fileRef = FDC77E7649B6BC2B4B9CC7B0 /* InfoPlist.xcstrings */; };
		5EFD3520ADEC826BF3FDFA6A /* CleanupConfidenceLevel.swift in Sources */ = {isa = PBXBuildFile; fileRef = 4689E00FD56AB04B20435ADE /* CleanupConfidenceLevel.swift */; };
		6047573DC5E3EBECBC0A7C51 /* DiskAnalyzerView.swift in Sources */ = {isa = PBXBuildFile; fileRef = 779EC2221374DE14F9D36900 /* DiskAnalyzerView.swift */; };
		64550B98611FFE7EB1B8B8D6 /* Localizable.xcstrings in Resources */ = {isa = PBXBuildFile; fileRef = FB05F0EB89FE996D5DDF3286 /* Localizable.xcstrings */; };
		666FD0E0DA0AA11E44E15229 /* CleanupRiskLevel.swift in Sources */ = {isa = PBXBuildFile; fileRef = D49F3A85DC9A97BC8614DAD1 /* CleanupRiskLevel.swift */; };
		6E6E0F0D8D11AF6A3047C388 /* Theme.swift in Sources */ = {isa = PBXBuildFile; fileRef = 23DCB2556E8F42456E3159F8 /* Theme.swift */; };
		6F0C938C1BF1D14B2EF9E1AB /* SystemJunkView.swift in Sources */ = {isa = PBXBuildFile; fileRef = 0A4DA3A4DA47753BD05DACA5 /* SystemJunkView.swift */; };
		6FDDC23F1925DBD26EAE3F20 /* CleanupReason.swift in Sources */ = {isa = PBXBuildFile; fileRef = 1D72748082E45E6D726D8946 /* CleanupReason.swift */; };
		70662A4B5740C39D802AD0BA /* JunkCategoryRow.swift in Sources */ = {isa = PBXBuildFile; fileRef = F1EB3F316AC6CD4187A8D58B /* JunkCategoryRow.swift */; };
		70F99FDE757919BE784A3619 /* CleanupItem.swift in Sources */ = {isa = PBXBuildFile; fileRef = C1388EAC19AA6EA1D5261AAB /* CleanupItem.swift */; };
		7262070823F0A8C4539D88A0 /* AppScanner.swift in Sources */ = {isa = PBXBuildFile; fileRef = 5E93EC1CBE9EA084DB221BCE /* AppScanner.swift */; };
		787B1BF1EADC742DD3AB8E44 /* FullDiskAccessViewModel.swift in Sources */ = {isa = PBXBuildFile; fileRef = 7B535CAC8C17F290470F285F /* FullDiskAccessViewModel.swift */; };
		85BCCF5FFA97CC6B7F4A20DF /* HealthRingView.swift in Sources */ = {isa = PBXBuildFile; fileRef = 71CE0325A94785B58D212743 /* HealthRingView.swift */; };
		9301D04EB50959E983B0CFD2 /* DiskAnalyzerViewModel.swift in Sources */ = {isa = PBXBuildFile; fileRef = 3C8A46C018233BEC8EC3315D /* DiskAnalyzerViewModel.swift */; };
		992CDC9CA125CBACFA0561BD /* ScanMetadata.swift in Sources */ = {isa = PBXBuildFile; fileRef = E0D6E6DCABB7A85524BF2FEC /* ScanMetadata.swift */; };
		9BF49DB56B3AEC55F6E74A35 /* CleanupCategoryKind.swift in Sources */ = {isa = PBXBuildFile; fileRef = 40DAE31E5506F0D7FD9EE512 /* CleanupCategoryKind.swift */; };
		A16B8DB970A37135ED953258 /* AppInfo.swift in Sources */ = {isa = PBXBuildFile; fileRef = 0D49D49C657AC7653F6BA568 /* AppInfo.swift */; };
		A245EC097C9434D1BD7423D1 /* DiskPieChart.swift in Sources */ = {isa = PBXBuildFile; fileRef = 2A82CABE138EE56191E32DFD /* DiskPieChart.swift */; };
		A88957F1D1E467F92509D60F /* Int64FormattingTests.swift in Sources */ = {isa = PBXBuildFile; fileRef = 556E0918A78BE7D960F590FA /* Int64FormattingTests.swift */; };
		AC246D765EFBA0E2D2A1515F /* DiskNode.swift in Sources */ = {isa = PBXBuildFile; fileRef = C6FE154A8FA138766973CEA1 /* DiskNode.swift */; };
		AEE0086A9E835134DDED2AA1 /* CleanupCoordinator.swift in Sources */ = {isa = PBXBuildFile; fileRef = 21C4FBD68976DA3CBF5AA99A /* CleanupCoordinator.swift */; };
		AF4D521BA87E865DBBDBB4C1 /* HealthScoreBreakdownTests.swift in Sources */ = {isa = PBXBuildFile; fileRef = 503B1280653952AFC80A394B /* HealthScoreBreakdownTests.swift */; };
		B17AE707820FCC9F77229B53 /* CleanupConfirmationSheet.swift in Sources */ = {isa = PBXBuildFile; fileRef = 60E78BE53D2E6705867843EA /* CleanupConfirmationSheet.swift */; };
		B88C88EAEF63E388D3962A92 /* DiskAnalyzerService.swift in Sources */ = {isa = PBXBuildFile; fileRef = 50887AC434862BC403C881EF /* DiskAnalyzerService.swift */; };
		BE0E128D07D2E7D779A59BCA /* SettingsView.swift in Sources */ = {isa = PBXBuildFile; fileRef = 360B483E08F3DC6DC8A9F809 /* SettingsView.swift */; };
		C08105D43CF3BDE06C3DC6FA /* DoneView.swift in Sources */ = {isa = PBXBuildFile; fileRef = 86A94BA422B9696F2F6DCE21 /* DoneView.swift */; };
		C5B84ED0F43392B67CD09693 /* SmartRecommendation.swift in Sources */ = {isa = PBXBuildFile; fileRef = 3384BDE7F39A2453B37F2E7A /* SmartRecommendation.swift */; };
		C5D21F311DB26BEBF4222C90 /* FullDiskAccessProbe.swift in Sources */ = {isa = PBXBuildFile; fileRef = 105AFAAA6411A48E5DCBCB49 /* FullDiskAccessProbe.swift */; };
		DBA94ECE1CEEF4AF37E57F51 /* FeatureToolbar.swift in Sources */ = {isa = PBXBuildFile; fileRef = 12886648D5489FFE73D0F3EB /* FeatureToolbar.swift */; };
		DBE34CE69CF88D49440F3D5D /* CleanupProgressView.swift in Sources */ = {isa = PBXBuildFile; fileRef = 1416A6621C187BDDA9E414CB /* CleanupProgressView.swift */; };
		DDD6BA35DBF32E7A6B5F6F8B /* Assets.xcassets in Resources */ = {isa = PBXBuildFile; fileRef = B2EA41E1096FA8E3B916AD13 /* Assets.xcassets */; };
		DF259EE91C15CDC7B12306E7 /* RecommendationCard.swift in Sources */ = {isa = PBXBuildFile; fileRef = B5A7A8D99FF7988BB9004308 /* RecommendationCard.swift */; };
		DF4C54FACFF1E5E1EDED628C /* HealthScoreBreakdown.swift in Sources */ = {isa = PBXBuildFile; fileRef = 5DFC84CE8C571AC3FAB99DE8 /* HealthScoreBreakdown.swift */; };
		E0FB33E2B395BD0D24C1CCCD /* CleanupCategory.swift in Sources */ = {isa = PBXBuildFile; fileRef = D48324FC861F3CC710AA704D /* CleanupCategory.swift */; };
		E1C626AAA13FC506ACAC5B46 /* AppFeature.swift in Sources */ = {isa = PBXBuildFile; fileRef = 330010533CA041CCA381C043 /* AppFeature.swift */; };
		E1D44D58D9D8A9B41FFBD2BB /* CleanupSelectionPolicy.swift in Sources */ = {isa = PBXBuildFile; fileRef = 0FC43684E3D6FA87B05CB886 /* CleanupSelectionPolicy.swift */; };
		E1D7277553C1ED10686A5750 /* Int64+Formatting.swift in Sources */ = {isa = PBXBuildFile; fileRef = ABABDA120F631D21449582E9 /* Int64+Formatting.swift */; };
		E4EECC430E06D628D7D9810B /* CleanupSelectionPolicyTests.swift in Sources */ = {isa = PBXBuildFile; fileRef = 5105482573F73B425078F7DA /* CleanupSelectionPolicyTests.swift */; };
		E5709ACDA4F246006079EC62 /* SmartScanView.swift in Sources */ = {isa = PBXBuildFile; fileRef = 806443ED59E4F8150F2D7486 /* SmartScanView.swift */; };
		EDEF28CAD23E936FBED1783B /* VervainApp.swift in Sources */ = {isa = PBXBuildFile; fileRef = 63581B70F9B10231964E3602 /* VervainApp.swift */; };
		EEF9318C30DD4C70AF0B7B12 /* AboutView.swift in Sources */ = {isa = PBXBuildFile; fileRef = CF6D8F7F259A4204A8A60A82 /* AboutView.swift */; };
		F5473915DF991C836F84CF3D /* CleanupDoneView.swift in Sources */ = {isa = PBXBuildFile; fileRef = B6F24E0B0842994AEA346BCB /* CleanupDoneView.swift */; };
		F8632D0C504F2B3FAD192540 /* SystemJunkViewModel.swift in Sources */ = {isa = PBXBuildFile; fileRef = 0B58940879213198AAB30244 /* SystemJunkViewModel.swift */; };
		F9AD616987D739F4689E4DEB /* CleanupSourceModule.swift in Sources */ = {isa = PBXBuildFile; fileRef = C41D3CBDCBCD0DBD5DC19FFE /* CleanupSourceModule.swift */; };
		FA519C45C51BA3A10C5A9614 /* HealthScore.swift in Sources */ = {isa = PBXBuildFile; fileRef = 71B6156E2BCBDC22AA06D032 /* HealthScore.swift */; };
		FFE2B10F03302F93B3F86230 /* AppIconView.swift in Sources */ = {isa = PBXBuildFile; fileRef = D647CD02C5917AB77EEA268B /* AppIconView.swift */; };
		1C5862D1D0CF9CBE260F2014 /* CleanupCoordinatorTests.swift in Sources */ = {isa = PBXBuildFile; fileRef = 953CDF5FCDDEA2FB397628F9 /* CleanupCoordinatorTests.swift */; };
		8DF77E58AB26F4237E0C701F /* DirectoryStatsTests.swift in Sources */ = {isa = PBXBuildFile; fileRef = 6C2B2972FB89AEE9ED682651 /* DirectoryStatsTests.swift */; };
		F59F1C5D2D0CAC021C150DCD /* LargeFilesScannerTests.swift in Sources */ = {isa = PBXBuildFile; fileRef = F4C2588BBDDC9860981BF43F /* LargeFilesScannerTests.swift */; };
		EF6CB5E0608648B6C7B9A8E4 /* ExclusionListTests.swift in Sources */ = {isa = PBXBuildFile; fileRef = 4E0292E7D631CE26404E4FA9 /* ExclusionListTests.swift */; };
		7FF8221B694D2E27407A3DBD /* ExclusionList.swift in Sources */ = {isa = PBXBuildFile; fileRef = 39940F8EB8BD7EF196F2480C /* ExclusionList.swift */; };
		AF100B1826B6CC3F607B62A0 /* LargeFilesScanner.swift in Sources */ = {isa = PBXBuildFile; fileRef = 0B54E473EBD8098329CA0282 /* LargeFilesScanner.swift */; };
		AC50DC32F57CF765FDF438EE /* ModuleScanViewModel.swift in Sources */ = {isa = PBXBuildFile; fileRef = 98E359530800AFED9A6D854B /* ModuleScanViewModel.swift */; };
		D3739658444A3C0E813B6795 /* ModuleScanView.swift in Sources */ = {isa = PBXBuildFile; fileRef = 2BB9A96D8BBD8576D67C3E36 /* ModuleScanView.swift */; };
		C251E9279FE9F98D898D1227 /* LargeFilesView.swift in Sources */ = {isa = PBXBuildFile; fileRef = EC1DDFFD936A1F3142CD82D2 /* LargeFilesView.swift */; };
		10E36A764BD5C4F592E402CC /* DuplicateScannerTests.swift in Sources */ = {isa = PBXBuildFile; fileRef = 8892A8F6AFF5FD302018C6A1 /* DuplicateScannerTests.swift */; };
		0E087B37F81B840BDEE36119 /* DuplicateScanner.swift in Sources */ = {isa = PBXBuildFile; fileRef = 0B3DF308BCCA291B4410DAE4 /* DuplicateScanner.swift */; };
		F3E51D60126D22DA79EB3F98 /* DuplicatesView.swift in Sources */ = {isa = PBXBuildFile; fileRef = 4297487CFC2B0DFB44709055 /* DuplicatesView.swift */; };
		4AC98E24E114F1A4414C6773 /* PrivacyScannerTests.swift in Sources */ = {isa = PBXBuildFile; fileRef = 120E76A702F6295D180C20C5 /* PrivacyScannerTests.swift */; };
		21B8EBC52EBBA9FE3E5C2B53 /* PrivacyScanner.swift in Sources */ = {isa = PBXBuildFile; fileRef = BA215852495637F62A3B0708 /* PrivacyScanner.swift */; };
		CB98F7A170EC80445D57B409 /* PrivacyView.swift in Sources */ = {isa = PBXBuildFile; fileRef = 58B7757ECBA4D58908628A7D /* PrivacyView.swift */; };
/* End PBXBuildFile section */

/* Begin PBXContainerItemProxy section */
		8D91DC174C821BE74C4B518C /* PBXContainerItemProxy */ = {
			isa = PBXContainerItemProxy;
			containerPortal = 37BE87544E2EC9F6FF1CD280 /* Project object */;
			proxyType = 1;
			remoteGlobalIDString = B19E38DEAA0144A77120F39C;
			remoteInfo = Vervain;
		};
		945446BD29D986737D70F235 /* PBXContainerItemProxy */ = {
			isa = PBXContainerItemProxy;
			containerPortal = 37BE87544E2EC9F6FF1CD280 /* Project object */;
			proxyType = 1;
			remoteGlobalIDString = B19E38DEAA0144A77120F39C;
			remoteInfo = Vervain;
		};
/* End PBXContainerItemProxy section */

/* Begin PBXFileReference section */
		059662B59C1D710940143627 /* OnboardingView.swift */ = {isa = PBXFileReference; lastKnownFileType = sourcecode.swift; path = OnboardingView.swift; sourceTree = "<group>"; };
		0A4DA3A4DA47753BD05DACA5 /* SystemJunkView.swift */ = {isa = PBXFileReference; lastKnownFileType = sourcecode.swift; path = SystemJunkView.swift; sourceTree = "<group>"; };
		0AD83C26579DAB9A3C990650 /* SidebarView.swift */ = {isa = PBXFileReference; lastKnownFileType = sourcecode.swift; path = SidebarView.swift; sourceTree = "<group>"; };
		0B58940879213198AAB30244 /* SystemJunkViewModel.swift */ = {isa = PBXFileReference; lastKnownFileType = sourcecode.swift; path = SystemJunkViewModel.swift; sourceTree = "<group>"; };
		0D49D49C657AC7653F6BA568 /* AppInfo.swift */ = {isa = PBXFileReference; lastKnownFileType = sourcecode.swift; path = AppInfo.swift; sourceTree = "<group>"; };
		0FC43684E3D6FA87B05CB886 /* CleanupSelectionPolicy.swift */ = {isa = PBXFileReference; lastKnownFileType = sourcecode.swift; path = CleanupSelectionPolicy.swift; sourceTree = "<group>"; };
		105AFAAA6411A48E5DCBCB49 /* FullDiskAccessProbe.swift */ = {isa = PBXFileReference; lastKnownFileType = sourcecode.swift; path = FullDiskAccessProbe.swift; sourceTree = "<group>"; };
		12886648D5489FFE73D0F3EB /* FeatureToolbar.swift */ = {isa = PBXFileReference; lastKnownFileType = sourcecode.swift; path = FeatureToolbar.swift; sourceTree = "<group>"; };
		1416A6621C187BDDA9E414CB /* CleanupProgressView.swift */ = {isa = PBXFileReference; lastKnownFileType = sourcecode.swift; path = CleanupProgressView.swift; sourceTree = "<group>"; };
		1D72748082E45E6D726D8946 /* CleanupReason.swift */ = {isa = PBXFileReference; lastKnownFileType = sourcecode.swift; path = CleanupReason.swift; sourceTree = "<group>"; };
		21C4FBD68976DA3CBF5AA99A /* CleanupCoordinator.swift */ = {isa = PBXFileReference; lastKnownFileType = sourcecode.swift; path = CleanupCoordinator.swift; sourceTree = "<group>"; };
		229DB321A669BD75235A5555 /* AppDetailPanel.swift */ = {isa = PBXFileReference; lastKnownFileType = sourcecode.swift; path = AppDetailPanel.swift; sourceTree = "<group>"; };
		23DCB2556E8F42456E3159F8 /* Theme.swift */ = {isa = PBXFileReference; lastKnownFileType = sourcecode.swift; path = Theme.swift; sourceTree = "<group>"; };
		2A82CABE138EE56191E32DFD /* DiskPieChart.swift */ = {isa = PBXFileReference; lastKnownFileType = sourcecode.swift; path = DiskPieChart.swift; sourceTree = "<group>"; };
		311078221878708524283765 /* Vervain.app */ = {isa = PBXFileReference; explicitFileType = wrapper.application; includeInIndex = 0; path = Vervain.app; sourceTree = BUILT_PRODUCTS_DIR; };
		330010533CA041CCA381C043 /* AppFeature.swift */ = {isa = PBXFileReference; lastKnownFileType = sourcecode.swift; path = AppFeature.swift; sourceTree = "<group>"; };
		3384BDE7F39A2453B37F2E7A /* SmartRecommendation.swift */ = {isa = PBXFileReference; lastKnownFileType = sourcecode.swift; path = SmartRecommendation.swift; sourceTree = "<group>"; };
		360B483E08F3DC6DC8A9F809 /* SettingsView.swift */ = {isa = PBXFileReference; includeInIndex = 1; lastKnownFileType = sourcecode.swift; path = SettingsView.swift; sourceTree = "<group>"; };
		37F171CC37AB350FCC075176 /* CleanupService.swift */ = {isa = PBXFileReference; lastKnownFileType = sourcecode.swift; path = CleanupService.swift; sourceTree = "<group>"; };
		3C8A46C018233BEC8EC3315D /* DiskAnalyzerViewModel.swift */ = {isa = PBXFileReference; lastKnownFileType = sourcecode.swift; path = DiskAnalyzerViewModel.swift; sourceTree = "<group>"; };
		3D41288BB6D125AAA0F004A5 /* HealthScoreBreakdownView.swift */ = {isa = PBXFileReference; lastKnownFileType = sourcecode.swift; path = HealthScoreBreakdownView.swift; sourceTree = "<group>"; };
		40DAE31E5506F0D7FD9EE512 /* CleanupCategoryKind.swift */ = {isa = PBXFileReference; includeInIndex = 1; lastKnownFileType = sourcecode.swift; path = CleanupCategoryKind.swift; sourceTree = "<group>"; };
		45239B576A785991FA1E564D /* Color+Adaptive.swift */ = {isa = PBXFileReference; lastKnownFileType = sourcecode.swift; path = "Color+Adaptive.swift"; sourceTree = "<group>"; };
		46660271CFF167AB0FE7371D /* Info.plist */ = {isa = PBXFileReference; lastKnownFileType = text.plist; path = Info.plist; sourceTree = "<group>"; };
		4689E00FD56AB04B20435ADE /* CleanupConfidenceLevel.swift */ = {isa = PBXFileReference; lastKnownFileType = sourcecode.swift; path = CleanupConfidenceLevel.swift; sourceTree = "<group>"; };
		503B1280653952AFC80A394B /* HealthScoreBreakdownTests.swift */ = {isa = PBXFileReference; lastKnownFileType = sourcecode.swift; path = HealthScoreBreakdownTests.swift; sourceTree = "<group>"; };
		50887AC434862BC403C881EF /* DiskAnalyzerService.swift */ = {isa = PBXFileReference; lastKnownFileType = sourcecode.swift; path = DiskAnalyzerService.swift; sourceTree = "<group>"; };
		5105482573F73B425078F7DA /* CleanupSelectionPolicyTests.swift */ = {isa = PBXFileReference; lastKnownFileType = sourcecode.swift; path = CleanupSelectionPolicyTests.swift; sourceTree = "<group>"; };
		53BAAB249D511F10DE12A735 /* ContentView.swift */ = {isa = PBXFileReference; lastKnownFileType = sourcecode.swift; path = ContentView.swift; sourceTree = "<group>"; };
		556E0918A78BE7D960F590FA /* Int64FormattingTests.swift */ = {isa = PBXFileReference; lastKnownFileType = sourcecode.swift; path = Int64FormattingTests.swift; sourceTree = "<group>"; };
		5664D2BDAEAA9AE3A53DB364 /* Vervain.entitlements */ = {isa = PBXFileReference; lastKnownFileType = text.plist.entitlements; path = Vervain.entitlements; sourceTree = "<group>"; };
		5B0B129CDE89F863BDF613E9 /* CleanupItemRow.swift */ = {isa = PBXFileReference; lastKnownFileType = sourcecode.swift; path = CleanupItemRow.swift; sourceTree = "<group>"; };
		5DFC84CE8C571AC3FAB99DE8 /* HealthScoreBreakdown.swift */ = {isa = PBXFileReference; lastKnownFileType = sourcecode.swift; path = HealthScoreBreakdown.swift; sourceTree = "<group>"; };
		5E93EC1CBE9EA084DB221BCE /* AppScanner.swift */ = {isa = PBXFileReference; lastKnownFileType = sourcecode.swift; path = AppScanner.swift; sourceTree = "<group>"; };
		607B9A8C7B34D6A7DCF4FFE2 /* VervainTests.xctest */ = {isa = PBXFileReference; explicitFileType = wrapper.cfbundle; includeInIndex = 0; path = VervainTests.xctest; sourceTree = BUILT_PRODUCTS_DIR; };
		60E78BE53D2E6705867843EA /* CleanupConfirmationSheet.swift */ = {isa = PBXFileReference; lastKnownFileType = sourcecode.swift; path = CleanupConfirmationSheet.swift; sourceTree = "<group>"; };
		63581B70F9B10231964E3602 /* VervainApp.swift */ = {isa = PBXFileReference; lastKnownFileType = sourcecode.swift; path = VervainApp.swift; sourceTree = "<group>"; };
		71A3ED8B07A6307FE8D2BE65 /* VervainUITests.swift */ = {isa = PBXFileReference; lastKnownFileType = sourcecode.swift; path = VervainUITests.swift; sourceTree = "<group>"; };
		71B6156E2BCBDC22AA06D032 /* HealthScore.swift */ = {isa = PBXFileReference; lastKnownFileType = sourcecode.swift; path = HealthScore.swift; sourceTree = "<group>"; };
		71CE0325A94785B58D212743 /* HealthRingView.swift */ = {isa = PBXFileReference; lastKnownFileType = sourcecode.swift; path = HealthRingView.swift; sourceTree = "<group>"; };
		74BFEF2D8CE6A682AC21DA8D /* CleanupReviewView.swift */ = {isa = PBXFileReference; lastKnownFileType = sourcecode.swift; path = CleanupReviewView.swift; sourceTree = "<group>"; };
		779EC2221374DE14F9D36900 /* DiskAnalyzerView.swift */ = {isa = PBXFileReference; lastKnownFileType = sourcecode.swift; path = DiskAnalyzerView.swift; sourceTree = "<group>"; };
		7B535CAC8C17F290470F285F /* FullDiskAccessViewModel.swift */ = {isa = PBXFileReference; lastKnownFileType = sourcecode.swift; path = FullDiskAccessViewModel.swift; sourceTree = "<group>"; };
		806443ED59E4F8150F2D7486 /* SmartScanView.swift */ = {isa = PBXFileReference; lastKnownFileType = sourcecode.swift; path = SmartScanView.swift; sourceTree = "<group>"; };
		86A94BA422B9696F2F6DCE21 /* DoneView.swift */ = {isa = PBXFileReference; lastKnownFileType = sourcecode.swift; path = DoneView.swift; sourceTree = "<group>"; };
		A18670BF6E0728BC2EFC2FA0 /* AppUninstallerView.swift */ = {isa = PBXFileReference; lastKnownFileType = sourcecode.swift; path = AppUninstallerView.swift; sourceTree = "<group>"; };
		ABABDA120F631D21449582E9 /* Int64+Formatting.swift */ = {isa = PBXFileReference; lastKnownFileType = sourcecode.swift; path = "Int64+Formatting.swift"; sourceTree = "<group>"; };
		B2EA41E1096FA8E3B916AD13 /* Assets.xcassets */ = {isa = PBXFileReference; lastKnownFileType = folder.assetcatalog; path = Assets.xcassets; sourceTree = "<group>"; };
		B5A7A8D99FF7988BB9004308 /* RecommendationCard.swift */ = {isa = PBXFileReference; lastKnownFileType = sourcecode.swift; path = RecommendationCard.swift; sourceTree = "<group>"; };
		B6F24E0B0842994AEA346BCB /* CleanupDoneView.swift */ = {isa = PBXFileReference; lastKnownFileType = sourcecode.swift; path = CleanupDoneView.swift; sourceTree = "<group>"; };
		C1388EAC19AA6EA1D5261AAB /* CleanupItem.swift */ = {isa = PBXFileReference; lastKnownFileType = sourcecode.swift; path = CleanupItem.swift; sourceTree = "<group>"; };
		C41D3CBDCBCD0DBD5DC19FFE /* CleanupSourceModule.swift */ = {isa = PBXFileReference; lastKnownFileType = sourcecode.swift; path = CleanupSourceModule.swift; sourceTree = "<group>"; };
		C6FE154A8FA138766973CEA1 /* DiskNode.swift */ = {isa = PBXFileReference; lastKnownFileType = sourcecode.swift; path = DiskNode.swift; sourceTree = "<group>"; };
		CCF49D4DC8132A07BE241CAD /* FileUtils.swift */ = {isa = PBXFileReference; lastKnownFileType = sourcecode.swift; path = FileUtils.swift; sourceTree = "<group>"; };
		CF2436C0411B3B105B995EA8 /* JunkScanner.swift */ = {isa = PBXFileReference; lastKnownFileType = sourcecode.swift; path = JunkScanner.swift; sourceTree = "<group>"; };
		CF6D8F7F259A4204A8A60A82 /* AboutView.swift */ = {isa = PBXFileReference; lastKnownFileType = sourcecode.swift; path = AboutView.swift; sourceTree = "<group>"; };
		D48324FC861F3CC710AA704D /* CleanupCategory.swift */ = {isa = PBXFileReference; lastKnownFileType = sourcecode.swift; path = CleanupCategory.swift; sourceTree = "<group>"; };
		D49F3A85DC9A97BC8614DAD1 /* CleanupRiskLevel.swift */ = {isa = PBXFileReference; lastKnownFileType = sourcecode.swift; path = CleanupRiskLevel.swift; sourceTree = "<group>"; };
		D647CD02C5917AB77EEA268B /* AppIconView.swift */ = {isa = PBXFileReference; lastKnownFileType = sourcecode.swift; path = AppIconView.swift; sourceTree = "<group>"; };
		E0D6E6DCABB7A85524BF2FEC /* ScanMetadata.swift */ = {isa = PBXFileReference; lastKnownFileType = sourcecode.swift; path = ScanMetadata.swift; sourceTree = "<group>"; };
		E8EB73D0E8BF07975D1095C2 /* SmartScanViewModel.swift */ = {isa = PBXFileReference; lastKnownFileType = sourcecode.swift; path = SmartScanViewModel.swift; sourceTree = "<group>"; };
		EDF0147791F9F24F101B742D /* CleanupCategoryTests.swift */ = {isa = PBXFileReference; lastKnownFileType = sourcecode.swift; path = CleanupCategoryTests.swift; sourceTree = "<group>"; };
		A1B2C3D4E5F60718293A4B5D /* CleanupServiceSafetyTests.swift */ = {isa = PBXFileReference; lastKnownFileType = sourcecode.swift; path = CleanupServiceSafetyTests.swift; sourceTree = "<group>"; };
		EF4F0D9B4398C94682A02274 /* VervainUITests.xctest */ = {isa = PBXFileReference; explicitFileType = wrapper.cfbundle; includeInIndex = 0; path = VervainUITests.xctest; sourceTree = BUILT_PRODUCTS_DIR; };
		F1EB3F316AC6CD4187A8D58B /* JunkCategoryRow.swift */ = {isa = PBXFileReference; lastKnownFileType = sourcecode.swift; path = JunkCategoryRow.swift; sourceTree = "<group>"; };
		F1F4106EAD248920AD54E94E /* AppUninstallerViewModel.swift */ = {isa = PBXFileReference; lastKnownFileType = sourcecode.swift; path = AppUninstallerViewModel.swift; sourceTree = "<group>"; };
		F6CFC69969E13F905E4493A7 /* FullDiskAccessBanner.swift */ = {isa = PBXFileReference; lastKnownFileType = sourcecode.swift; path = FullDiskAccessBanner.swift; sourceTree = "<group>"; };
		FB05F0EB89FE996D5DDF3286 /* Localizable.xcstrings */ = {isa = PBXFileReference; includeInIndex = 1; path = Localizable.xcstrings; sourceTree = "<group>"; };
		FDC77E7649B6BC2B4B9CC7B0 /* InfoPlist.xcstrings */ = {isa = PBXFileReference; includeInIndex = 1; path = InfoPlist.xcstrings; sourceTree = "<group>"; };
		953CDF5FCDDEA2FB397628F9 /* CleanupCoordinatorTests.swift */ = {isa = PBXFileReference; lastKnownFileType = sourcecode.swift; path = CleanupCoordinatorTests.swift; sourceTree = "<group>"; };
		6C2B2972FB89AEE9ED682651 /* DirectoryStatsTests.swift */ = {isa = PBXFileReference; lastKnownFileType = sourcecode.swift; path = DirectoryStatsTests.swift; sourceTree = "<group>"; };
		F4C2588BBDDC9860981BF43F /* LargeFilesScannerTests.swift */ = {isa = PBXFileReference; lastKnownFileType = sourcecode.swift; path = LargeFilesScannerTests.swift; sourceTree = "<group>"; };
		4E0292E7D631CE26404E4FA9 /* ExclusionListTests.swift */ = {isa = PBXFileReference; lastKnownFileType = sourcecode.swift; path = ExclusionListTests.swift; sourceTree = "<group>"; };
		39940F8EB8BD7EF196F2480C /* ExclusionList.swift */ = {isa = PBXFileReference; lastKnownFileType = sourcecode.swift; path = ExclusionList.swift; sourceTree = "<group>"; };
		0B54E473EBD8098329CA0282 /* LargeFilesScanner.swift */ = {isa = PBXFileReference; lastKnownFileType = sourcecode.swift; path = LargeFilesScanner.swift; sourceTree = "<group>"; };
		98E359530800AFED9A6D854B /* ModuleScanViewModel.swift */ = {isa = PBXFileReference; lastKnownFileType = sourcecode.swift; path = ModuleScanViewModel.swift; sourceTree = "<group>"; };
		2BB9A96D8BBD8576D67C3E36 /* ModuleScanView.swift */ = {isa = PBXFileReference; lastKnownFileType = sourcecode.swift; path = ModuleScanView.swift; sourceTree = "<group>"; };
		EC1DDFFD936A1F3142CD82D2 /* LargeFilesView.swift */ = {isa = PBXFileReference; lastKnownFileType = sourcecode.swift; path = LargeFilesView.swift; sourceTree = "<group>"; };
		8892A8F6AFF5FD302018C6A1 /* DuplicateScannerTests.swift */ = {isa = PBXFileReference; lastKnownFileType = sourcecode.swift; path = DuplicateScannerTests.swift; sourceTree = "<group>"; };
		0B3DF308BCCA291B4410DAE4 /* DuplicateScanner.swift */ = {isa = PBXFileReference; lastKnownFileType = sourcecode.swift; path = DuplicateScanner.swift; sourceTree = "<group>"; };
		4297487CFC2B0DFB44709055 /* DuplicatesView.swift */ = {isa = PBXFileReference; lastKnownFileType = sourcecode.swift; path = DuplicatesView.swift; sourceTree = "<group>"; };
		120E76A702F6295D180C20C5 /* PrivacyScannerTests.swift */ = {isa = PBXFileReference; lastKnownFileType = sourcecode.swift; path = PrivacyScannerTests.swift; sourceTree = "<group>"; };
		BA215852495637F62A3B0708 /* PrivacyScanner.swift */ = {isa = PBXFileReference; lastKnownFileType = sourcecode.swift; path = PrivacyScanner.swift; sourceTree = "<group>"; };
		58B7757ECBA4D58908628A7D /* PrivacyView.swift */ = {isa = PBXFileReference; lastKnownFileType = sourcecode.swift; path = PrivacyView.swift; sourceTree = "<group>"; };
/* End PBXFileReference section */

/* Begin PBXGroup section */
		13CF0676D0E93925F46C13AA = {
			isa = PBXGroup;
			children = (
				E383F69184F4552E5A41D010 /* Vervain */,
				261FB8D961FEC76F15EA523A /* VervainTests */,
				717DA3E955959B69BF53434F /* VervainUITests */,
				4562CA9E5625FA4EEEFECB6D /* Products */,
			);
			sourceTree = "<group>";
		};
		261FB8D961FEC76F15EA523A /* VervainTests */ = {
			isa = PBXGroup;
			children = (
				EDF0147791F9F24F101B742D /* CleanupCategoryTests.swift */,
				A1B2C3D4E5F60718293A4B5D /* CleanupServiceSafetyTests.swift */,
				5105482573F73B425078F7DA /* CleanupSelectionPolicyTests.swift */,
				503B1280653952AFC80A394B /* HealthScoreBreakdownTests.swift */,
				556E0918A78BE7D960F590FA /* Int64FormattingTests.swift */,
				953CDF5FCDDEA2FB397628F9 /* CleanupCoordinatorTests.swift */,
				6C2B2972FB89AEE9ED682651 /* DirectoryStatsTests.swift */,
				F4C2588BBDDC9860981BF43F /* LargeFilesScannerTests.swift */,
				4E0292E7D631CE26404E4FA9 /* ExclusionListTests.swift */,
				8892A8F6AFF5FD302018C6A1 /* DuplicateScannerTests.swift */,
				120E76A702F6295D180C20C5 /* PrivacyScannerTests.swift */,
			);
			path = VervainTests;
			sourceTree = "<group>";
		};
		2D28D00936EE3BD785FEA342 /* SystemJunk */ = {
			isa = PBXGroup;
			children = (
				F1EB3F316AC6CD4187A8D58B /* JunkCategoryRow.swift */,
				0A4DA3A4DA47753BD05DACA5 /* SystemJunkView.swift */,
			);
			path = SystemJunk;
			sourceTree = "<group>";
		};
		2FFEAFA26314BAB7E6C0C572 /* SmartScan */ = {
			isa = PBXGroup;
			children = (
				71CE0325A94785B58D212743 /* HealthRingView.swift */,
				3D41288BB6D125AAA0F004A5 /* HealthScoreBreakdownView.swift */,
				B5A7A8D99FF7988BB9004308 /* RecommendationCard.swift */,
				806443ED59E4F8150F2D7486 /* SmartScanView.swift */,
			);
			path = SmartScan;
			sourceTree = "<group>";
		};
		3CF46713F75B81F0F86D1C6F /* Models */ = {
			isa = PBXGroup;
			children = (
				330010533CA041CCA381C043 /* AppFeature.swift */,
				0D49D49C657AC7653F6BA568 /* AppInfo.swift */,
				C6FE154A8FA138766973CEA1 /* DiskNode.swift */,
				71B6156E2BCBDC22AA06D032 /* HealthScore.swift */,
				5DFC84CE8C571AC3FAB99DE8 /* HealthScoreBreakdown.swift */,
				E0D6E6DCABB7A85524BF2FEC /* ScanMetadata.swift */,
				3384BDE7F39A2453B37F2E7A /* SmartRecommendation.swift */,
				F9F01EE06562DF8641E5BC90 /* Cleanup */,
				39940F8EB8BD7EF196F2480C /* ExclusionList.swift */,
			);
			path = Models;
			sourceTree = "<group>";
		};
		4562CA9E5625FA4EEEFECB6D /* Products */ = {
			isa = PBXGroup;
			children = (
				311078221878708524283765 /* Vervain.app */,
				607B9A8C7B34D6A7DCF4FFE2 /* VervainTests.xctest */,
				EF4F0D9B4398C94682A02274 /* VervainUITests.xctest */,
			);
			name = Products;
			sourceTree = "<group>";
		};
		45B485C4ACB5B08C1B87917F /* Views */ = {
			isa = PBXGroup;
			children = (
				6E065D755F92505E80760AB3 /* AppUninstaller */,
				BAAFB53EEAD4165D4B40C842 /* Cleanup */,
				7EF3FAB82F13D7F45B6150BD /* DiskAnalyzer */,
				A7EEEAD6E68CEE9C99F439CA /* Onboarding */,
				D18A15E6D4B763B76B4A34B1 /* Shared */,
				BC83BCF32A8626DB3FB644E5 /* Sidebar */,
				2FFEAFA26314BAB7E6C0C572 /* SmartScan */,
				2D28D00936EE3BD785FEA342 /* SystemJunk */,
				6621A21B973F4B0D84D7C82C /* About */,
				6587E435689598A28F6F82EE /* Settings */,
				39F6F30968F9FD85AE321EB5 /* Shared */,
				52778CABFCC5B9D44BB547FD /* LargeFiles */,
				C6B40EB52B5F36EA5DF40456 /* Duplicates */,
				02EB31970C98B47C0668FF98 /* Privacy */,
			);
			path = Views;
			sourceTree = "<group>";
		};
		6184B2EC3D01E6E95633406E /* Services */ = {
			isa = PBXGroup;
			children = (
				5E93EC1CBE9EA084DB221BCE /* AppScanner.swift */,
				50887AC434862BC403C881EF /* DiskAnalyzerService.swift */,
				CCF49D4DC8132A07BE241CAD /* FileUtils.swift */,
				105AFAAA6411A48E5DCBCB49 /* FullDiskAccessProbe.swift */,
				CF2436C0411B3B105B995EA8 /* JunkScanner.swift */,
				B7AEA7E485C8E66088475ECB /* Cleanup */,
				0B54E473EBD8098329CA0282 /* LargeFilesScanner.swift */,
				0B3DF308BCCA291B4410DAE4 /* DuplicateScanner.swift */,
				BA215852495637F62A3B0708 /* PrivacyScanner.swift */,
			);
			path = Services;
			sourceTree = "<group>";
		};
		6587E435689598A28F6F82EE /* Settings */ = {
			isa = PBXGroup;
			children = (
				360B483E08F3DC6DC8A9F809 /* SettingsView.swift */,
			);
			name = Settings;
			path = Settings;
			sourceTree = "<group>";
		};
		6621A21B973F4B0D84D7C82C /* About */ = {
			isa = PBXGroup;
			children = (
				CF6D8F7F259A4204A8A60A82 /* AboutView.swift */,
			);
			path = About;
			sourceTree = "<group>";
		};
		6E065D755F92505E80760AB3 /* AppUninstaller */ = {
			isa = PBXGroup;
			children = (
				229DB321A669BD75235A5555 /* AppDetailPanel.swift */,
				D647CD02C5917AB77EEA268B /* AppIconView.swift */,
				A18670BF6E0728BC2EFC2FA0 /* AppUninstallerView.swift */,
			);
			path = AppUninstaller;
			sourceTree = "<group>";
		};
		717DA3E955959B69BF53434F /* VervainUITests */ = {
			isa = PBXGroup;
			children = (
				71A3ED8B07A6307FE8D2BE65 /* VervainUITests.swift */,
			);
			path = VervainUITests;
			sourceTree = "<group>";
		};
		7C1729F88C0E5563E1A3DB40 /* Extensions */ = {
			isa = PBXGroup;
			children = (
				45239B576A785991FA1E564D /* Color+Adaptive.swift */,
				ABABDA120F631D21449582E9 /* Int64+Formatting.swift */,
			);
			path = Extensions;
			sourceTree = "<group>";
		};
		7EF3FAB82F13D7F45B6150BD /* DiskAnalyzer */ = {
			isa = PBXGroup;
			children = (
				779EC2221374DE14F9D36900 /* DiskAnalyzerView.swift */,
				2A82CABE138EE56191E32DFD /* DiskPieChart.swift */,
			);
			path = DiskAnalyzer;
			sourceTree = "<group>";
		};
		A7EEEAD6E68CEE9C99F439CA /* Onboarding */ = {
			isa = PBXGroup;
			children = (
				059662B59C1D710940143627 /* OnboardingView.swift */,
			);
			path = Onboarding;
			sourceTree = "<group>";
		};
		A8F1C251567E5321E1CA2484 /* ViewModels */ = {
			isa = PBXGroup;
			children = (
				F1F4106EAD248920AD54E94E /* AppUninstallerViewModel.swift */,
				21C4FBD68976DA3CBF5AA99A /* CleanupCoordinator.swift */,
				3C8A46C018233BEC8EC3315D /* DiskAnalyzerViewModel.swift */,
				7B535CAC8C17F290470F285F /* FullDiskAccessViewModel.swift */,
				E8EB73D0E8BF07975D1095C2 /* SmartScanViewModel.swift */,
				0B58940879213198AAB30244 /* SystemJunkViewModel.swift */,
				98E359530800AFED9A6D854B /* ModuleScanViewModel.swift */,
			);
			path = ViewModels;
			sourceTree = "<group>";
		};
		B7AEA7E485C8E66088475ECB /* Cleanup */ = {
			isa = PBXGroup;
			children = (
				37F171CC37AB350FCC075176 /* CleanupService.swift */,
			);
			path = Cleanup;
			sourceTree = "<group>";
		};
		BAAFB53EEAD4165D4B40C842 /* Cleanup */ = {
			isa = PBXGroup;
			children = (
				60E78BE53D2E6705867843EA /* CleanupConfirmationSheet.swift */,
				B6F24E0B0842994AEA346BCB /* CleanupDoneView.swift */,
				5B0B129CDE89F863BDF613E9 /* CleanupItemRow.swift */,
				1416A6621C187BDDA9E414CB /* CleanupProgressView.swift */,
				74BFEF2D8CE6A682AC21DA8D /* CleanupReviewView.swift */,
			);
			path = Cleanup;
			sourceTree = "<group>";
		};
		BC83BCF32A8626DB3FB644E5 /* Sidebar */ = {
			isa = PBXGroup;
			children = (
				0AD83C26579DAB9A3C990650 /* SidebarView.swift */,
			);
			path = Sidebar;
			sourceTree = "<group>";
		};
		D18A15E6D4B763B76B4A34B1 /* Shared */ = {
			isa = PBXGroup;
			children = (
				86A94BA422B9696F2F6DCE21 /* DoneView.swift */,
				12886648D5489FFE73D0F3EB /* FeatureToolbar.swift */,
				F6CFC69969E13F905E4493A7 /* FullDiskAccessBanner.swift */,
			);
			path = Shared;
			sourceTree = "<group>";
		};
		E383F69184F4552E5A41D010 /* Vervain */ = {
			isa = PBXGroup;
			children = (
				B2EA41E1096FA8E3B916AD13 /* Assets.xcassets */,
				53BAAB249D511F10DE12A735 /* ContentView.swift */,
				46660271CFF167AB0FE7371D /* Info.plist */,
				5664D2BDAEAA9AE3A53DB364 /* Vervain.entitlements */,
				63581B70F9B10231964E3602 /* VervainApp.swift */,
				23DCB2556E8F42456E3159F8 /* Theme.swift */,
				7C1729F88C0E5563E1A3DB40 /* Extensions */,
				3CF46713F75B81F0F86D1C6F /* Models */,
				6184B2EC3D01E6E95633406E /* Services */,
				A8F1C251567E5321E1CA2484 /* ViewModels */,
				45B485C4ACB5B08C1B87917F /* Views */,
				FB05F0EB89FE996D5DDF3286 /* Localizable.xcstrings */,
				FDC77E7649B6BC2B4B9CC7B0 /* InfoPlist.xcstrings */,
			);
			path = Vervain;
			sourceTree = "<group>";
		};
		F9F01EE06562DF8641E5BC90 /* Cleanup */ = {
			isa = PBXGroup;
			children = (
				D48324FC861F3CC710AA704D /* CleanupCategory.swift */,
				4689E00FD56AB04B20435ADE /* CleanupConfidenceLevel.swift */,
				C1388EAC19AA6EA1D5261AAB /* CleanupItem.swift */,
				1D72748082E45E6D726D8946 /* CleanupReason.swift */,
				D49F3A85DC9A97BC8614DAD1 /* CleanupRiskLevel.swift */,
				0FC43684E3D6FA87B05CB886 /* CleanupSelectionPolicy.swift */,
				C41D3CBDCBCD0DBD5DC19FFE /* CleanupSourceModule.swift */,
				40DAE31E5506F0D7FD9EE512 /* CleanupCategoryKind.swift */,
			);
			path = Cleanup;
			sourceTree = "<group>";
		};
		39F6F30968F9FD85AE321EB5 /* Shared */ = {
			isa = PBXGroup;
			children = (
				2BB9A96D8BBD8576D67C3E36 /* ModuleScanView.swift */,
			);
			path = Shared;
			sourceTree = "<group>";
		};
		52778CABFCC5B9D44BB547FD /* LargeFiles */ = {
			isa = PBXGroup;
			children = (
				EC1DDFFD936A1F3142CD82D2 /* LargeFilesView.swift */,
			);
			path = LargeFiles;
			sourceTree = "<group>";
		};
		C6B40EB52B5F36EA5DF40456 /* Duplicates */ = {
			isa = PBXGroup;
			children = (
				4297487CFC2B0DFB44709055 /* DuplicatesView.swift */,
			);
			path = Duplicates;
			sourceTree = "<group>";
		};
		02EB31970C98B47C0668FF98 /* Privacy */ = {
			isa = PBXGroup;
			children = (
				58B7757ECBA4D58908628A7D /* PrivacyView.swift */,
			);
			path = Privacy;
			sourceTree = "<group>";
		};
/* End PBXGroup section */

/* Begin PBXNativeTarget section */
		B19E38DEAA0144A77120F39C /* Vervain */ = {
			isa = PBXNativeTarget;
			buildConfigurationList = 2754925F163D15C85EDF494D /* Build configuration list for PBXNativeTarget "Vervain" */;
			buildPhases = (
				63C589367B714FC06B0519E5 /* Sources */,
				3975A867E04014FA565E9F46 /* Resources */,
			);
			buildRules = (
			);
			dependencies = (
			);
			name = Vervain;
			productName = Vervain;
			productReference = 311078221878708524283765 /* Vervain.app */;
			productType = "com.apple.product-type.application";
		};
		BB7DBB6442E91DCB12243C43 /* VervainUITests */ = {
			isa = PBXNativeTarget;
			buildConfigurationList = 91ED7AE24D42A1D8D36C0A34 /* Build configuration list for PBXNativeTarget "VervainUITests" */;
			buildPhases = (
				547E6607E135E897002A7638 /* Sources */,
			);
			buildRules = (
			);
			dependencies = (
				78DFDC3CF7EA9D8184DCD1CC /* PBXTargetDependency */,
			);
			name = VervainUITests;
			productName = VervainUITests;
			productReference = EF4F0D9B4398C94682A02274 /* VervainUITests.xctest */;
			productType = "com.apple.product-type.bundle.ui-testing";
		};
		FBA8B0DE95746207A043B802 /* VervainTests */ = {
			isa = PBXNativeTarget;
			buildConfigurationList = 25F40856927F2EE5BC50A0FB /* Build configuration list for PBXNativeTarget "VervainTests" */;
			buildPhases = (
				A6847DD7D5552F4AA6B17BA8 /* Sources */,
			);
			buildRules = (
			);
			dependencies = (
				0E97FDF7F6FA15845FCE6737 /* PBXTargetDependency */,
			);
			name = VervainTests;
			productName = VervainTests;
			productReference = 607B9A8C7B34D6A7DCF4FFE2 /* VervainTests.xctest */;
			productType = "com.apple.product-type.bundle.unit-test";
		};
/* End PBXNativeTarget section */

/* Begin PBXProject section */
		37BE87544E2EC9F6FF1CD280 /* Project object */ = {
			isa = PBXProject;
			attributes = {
				BuildIndependentTargetsInParallel = YES;
				LastUpgradeCheck = 1600;
				TargetAttributes = {
					B19E38DEAA0144A77120F39C = {
						ProvisioningStyle = Manual;
					};
					BB7DBB6442E91DCB12243C43 = {
						DevelopmentTeam = "";
						ProvisioningStyle = Manual;
						TestTargetID = B19E38DEAA0144A77120F39C;
					};
					FBA8B0DE95746207A043B802 = {
						DevelopmentTeam = "";
						ProvisioningStyle = Manual;
					};
				};
			};
			buildConfigurationList = 2ABAFAE07AA42044AE58F688 /* Build configuration list for PBXProject "Vervain" */;
			developmentRegion = en;
			hasScannedForEncodings = 0;
			knownRegions = (
				Base,
				en,
				fr,
				de,
				tr,
				es,
				"zh-Hans",
			);
			mainGroup = 13CF0676D0E93925F46C13AA;
			minimizedProjectReferenceProxies = 1;
			preferredProjectObjectVersion = 77;
			productRefGroup = 4562CA9E5625FA4EEEFECB6D /* Products */;
			projectDirPath = "";
			projectRoot = "";
			targets = (
				B19E38DEAA0144A77120F39C /* Vervain */,
				FBA8B0DE95746207A043B802 /* VervainTests */,
				BB7DBB6442E91DCB12243C43 /* VervainUITests */,
			);
		};
/* End PBXProject section */

/* Begin PBXResourcesBuildPhase section */
		3975A867E04014FA565E9F46 /* Resources */ = {
			isa = PBXResourcesBuildPhase;
			buildActionMask = 2147483647;
			files = (
				DDD6BA35DBF32E7A6B5F6F8B /* Assets.xcassets in Resources */,
				64550B98611FFE7EB1B8B8D6 /* Localizable.xcstrings in Resources */,
				5E3409065D4C903B01B250F4 /* InfoPlist.xcstrings in Resources */,
			);
			runOnlyForDeploymentPostprocessing = 0;
		};
/* End PBXResourcesBuildPhase section */

/* Begin PBXSourcesBuildPhase section */
		547E6607E135E897002A7638 /* Sources */ = {
			isa = PBXSourcesBuildPhase;
			buildActionMask = 2147483647;
			files = (
				22A5933DF7F70E08185DB2BB /* VervainUITests.swift in Sources */,
			);
			runOnlyForDeploymentPostprocessing = 0;
		};
		63C589367B714FC06B0519E5 /* Sources */ = {
			isa = PBXSourcesBuildPhase;
			buildActionMask = 2147483647;
			files = (
				EEF9318C30DD4C70AF0B7B12 /* AboutView.swift in Sources */,
				098E7056BDC30AD1A6305445 /* AppDetailPanel.swift in Sources */,
				E1C626AAA13FC506ACAC5B46 /* AppFeature.swift in Sources */,
				FFE2B10F03302F93B3F86230 /* AppIconView.swift in Sources */,
				A16B8DB970A37135ED953258 /* AppInfo.swift in Sources */,
				7262070823F0A8C4539D88A0 /* AppScanner.swift in Sources */,
				1AB9BA4BDDA64D3A3731B84D /* AppUninstallerView.swift in Sources */,
				5DA2235921201405C6E46B3D /* AppUninstallerViewModel.swift in Sources */,
				E0FB33E2B395BD0D24C1CCCD /* CleanupCategory.swift in Sources */,
				5EFD3520ADEC826BF3FDFA6A /* CleanupConfidenceLevel.swift in Sources */,
				B17AE707820FCC9F77229B53 /* CleanupConfirmationSheet.swift in Sources */,
				AEE0086A9E835134DDED2AA1 /* CleanupCoordinator.swift in Sources */,
				F5473915DF991C836F84CF3D /* CleanupDoneView.swift in Sources */,
				70F99FDE757919BE784A3619 /* CleanupItem.swift in Sources */,
				3AFD459974A122BAEF2C1608 /* CleanupItemRow.swift in Sources */,
				DBE34CE69CF88D49440F3D5D /* CleanupProgressView.swift in Sources */,
				6FDDC23F1925DBD26EAE3F20 /* CleanupReason.swift in Sources */,
				1CDE71E12D8A69F1E87C5633 /* CleanupReviewView.swift in Sources */,
				666FD0E0DA0AA11E44E15229 /* CleanupRiskLevel.swift in Sources */,
				E1D44D58D9D8A9B41FFBD2BB /* CleanupSelectionPolicy.swift in Sources */,
				047D410548F926BD17171391 /* CleanupService.swift in Sources */,
				F9AD616987D739F4689E4DEB /* CleanupSourceModule.swift in Sources */,
				002C62EAE7F30A6CD4C71251 /* Color+Adaptive.swift in Sources */,
				17E49EED528F57BF899E3AFA /* ContentView.swift in Sources */,
				B88C88EAEF63E388D3962A92 /* DiskAnalyzerService.swift in Sources */,
				6047573DC5E3EBECBC0A7C51 /* DiskAnalyzerView.swift in Sources */,
				9301D04EB50959E983B0CFD2 /* DiskAnalyzerViewModel.swift in Sources */,
				AC246D765EFBA0E2D2A1515F /* DiskNode.swift in Sources */,
				A245EC097C9434D1BD7423D1 /* DiskPieChart.swift in Sources */,
				C08105D43CF3BDE06C3DC6FA /* DoneView.swift in Sources */,
				DBA94ECE1CEEF4AF37E57F51 /* FeatureToolbar.swift in Sources */,
				4245825AD43FF469A0E1BEB5 /* FileUtils.swift in Sources */,
				1EAE90BADA01B1ECE5C6225B /* FullDiskAccessBanner.swift in Sources */,
				C5D21F311DB26BEBF4222C90 /* FullDiskAccessProbe.swift in Sources */,
				787B1BF1EADC742DD3AB8E44 /* FullDiskAccessViewModel.swift in Sources */,
				85BCCF5FFA97CC6B7F4A20DF /* HealthRingView.swift in Sources */,
				FA519C45C51BA3A10C5A9614 /* HealthScore.swift in Sources */,
				DF4C54FACFF1E5E1EDED628C /* HealthScoreBreakdown.swift in Sources */,
				1E357F3DDCBEEFE6B3287C56 /* HealthScoreBreakdownView.swift in Sources */,
				E1D7277553C1ED10686A5750 /* Int64+Formatting.swift in Sources */,
				70662A4B5740C39D802AD0BA /* JunkCategoryRow.swift in Sources */,
				59424627DCAB7F4B4ED1BAF9 /* JunkScanner.swift in Sources */,
				5779015287E845E457E5FC7B /* OnboardingView.swift in Sources */,
				EDEF28CAD23E936FBED1783B /* VervainApp.swift in Sources */,
				DF259EE91C15CDC7B12306E7 /* RecommendationCard.swift in Sources */,
				992CDC9CA125CBACFA0561BD /* ScanMetadata.swift in Sources */,
				0D57250655BBE5464AA55C8D /* SidebarView.swift in Sources */,
				C5B84ED0F43392B67CD09693 /* SmartRecommendation.swift in Sources */,
				E5709ACDA4F246006079EC62 /* SmartScanView.swift in Sources */,
				20B5BFD7185EA68FCEF201B2 /* SmartScanViewModel.swift in Sources */,
				6F0C938C1BF1D14B2EF9E1AB /* SystemJunkView.swift in Sources */,
				7FF8221B694D2E27407A3DBD /* ExclusionList.swift in Sources */,
				AF100B1826B6CC3F607B62A0 /* LargeFilesScanner.swift in Sources */,
				AC50DC32F57CF765FDF438EE /* ModuleScanViewModel.swift in Sources */,
				D3739658444A3C0E813B6795 /* ModuleScanView.swift in Sources */,
				C251E9279FE9F98D898D1227 /* LargeFilesView.swift in Sources */,
				0E087B37F81B840BDEE36119 /* DuplicateScanner.swift in Sources */,
				F3E51D60126D22DA79EB3F98 /* DuplicatesView.swift in Sources */,
				21B8EBC52EBBA9FE3E5C2B53 /* PrivacyScanner.swift in Sources */,
				CB98F7A170EC80445D57B409 /* PrivacyView.swift in Sources */,
				F8632D0C504F2B3FAD192540 /* SystemJunkViewModel.swift in Sources */,
				6E6E0F0D8D11AF6A3047C388 /* Theme.swift in Sources */,
				9BF49DB56B3AEC55F6E74A35 /* CleanupCategoryKind.swift in Sources */,
				BE0E128D07D2E7D779A59BCA /* SettingsView.swift in Sources */,
			);
			runOnlyForDeploymentPostprocessing = 0;
		};
		A6847DD7D5552F4AA6B17BA8 /* Sources */ = {
			isa = PBXSourcesBuildPhase;
			buildActionMask = 2147483647;
			files = (
				1C5862D1D0CF9CBE260F2014 /* CleanupCoordinatorTests.swift in Sources */,
				8DF77E58AB26F4237E0C701F /* DirectoryStatsTests.swift in Sources */,
				F59F1C5D2D0CAC021C150DCD /* LargeFilesScannerTests.swift in Sources */,
				EF6CB5E0608648B6C7B9A8E4 /* ExclusionListTests.swift in Sources */,
				10E36A764BD5C4F592E402CC /* DuplicateScannerTests.swift in Sources */,
				4AC98E24E114F1A4414C6773 /* PrivacyScannerTests.swift in Sources */,
				2321D1CDB33195E66ED00CD7 /* CleanupCategoryTests.swift in Sources */,
				A1B2C3D4E5F60718293A4B5C /* CleanupServiceSafetyTests.swift in Sources */,
				E4EECC430E06D628D7D9810B /* CleanupSelectionPolicyTests.swift in Sources */,
				AF4D521BA87E865DBBDBB4C1 /* HealthScoreBreakdownTests.swift in Sources */,
				A88957F1D1E467F92509D60F /* Int64FormattingTests.swift in Sources */,
			);
			runOnlyForDeploymentPostprocessing = 0;
		};
/* End PBXSourcesBuildPhase section */

/* Begin PBXTargetDependency section */
		0E97FDF7F6FA15845FCE6737 /* PBXTargetDependency */ = {
			isa = PBXTargetDependency;
			target = B19E38DEAA0144A77120F39C /* Vervain */;
			targetProxy = 8D91DC174C821BE74C4B518C /* PBXContainerItemProxy */;
		};
		78DFDC3CF7EA9D8184DCD1CC /* PBXTargetDependency */ = {
			isa = PBXTargetDependency;
			target = B19E38DEAA0144A77120F39C /* Vervain */;
			targetProxy = 945446BD29D986737D70F235 /* PBXContainerItemProxy */;
		};
/* End PBXTargetDependency section */

/* Begin XCBuildConfiguration section */
		0794DC5454CB748EC1374422 /* Debug */ = {
			isa = XCBuildConfiguration;
			buildSettings = {
				ALWAYS_SEARCH_USER_PATHS = NO;
				CLANG_ANALYZER_NONNULL = YES;
				CLANG_ANALYZER_NUMBER_OBJECT_CONVERSION = YES_AGGRESSIVE;
				CLANG_CXX_LANGUAGE_STANDARD = "gnu++14";
				CLANG_CXX_LIBRARY = "libc++";
				CLANG_ENABLE_MODULES = YES;
				CLANG_ENABLE_OBJC_ARC = YES;
				CLANG_ENABLE_OBJC_WEAK = YES;
				CLANG_WARN_BLOCK_CAPTURE_AUTORELEASING = YES;
				CLANG_WARN_BOOL_CONVERSION = YES;
				CLANG_WARN_COMMA = YES;
				CLANG_WARN_CONSTANT_CONVERSION = YES;
				CLANG_WARN_DEPRECATED_OBJC_IMPLEMENTATIONS = YES;
				CLANG_WARN_DIRECT_OBJC_ISA_USAGE = YES_ERROR;
				CLANG_WARN_DOCUMENTATION_COMMENTS = YES;
				CLANG_WARN_EMPTY_BODY = YES;
				CLANG_WARN_ENUM_CONVERSION = YES;
				CLANG_WARN_INFINITE_RECURSION = YES;
				CLANG_WARN_INT_CONVERSION = YES;
				CLANG_WARN_NON_LITERAL_NULL_CONVERSION = YES;
				CLANG_WARN_OBJC_IMPLICIT_RETAIN_SELF = YES;
				CLANG_WARN_OBJC_LITERAL_CONVERSION = YES;
				CLANG_WARN_OBJC_ROOT_CLASS = YES_ERROR;
				CLANG_WARN_QUOTED_INCLUDE_IN_FRAMEWORK_HEADER = YES;
				CLANG_WARN_RANGE_LOOP_ANALYSIS = YES;
				CLANG_WARN_STRICT_PROTOTYPES = YES;
				CLANG_WARN_SUSPICIOUS_MOVE = YES;
				CLANG_WARN_UNGUARDED_AVAILABILITY = YES_AGGRESSIVE;
				CLANG_WARN_UNREACHABLE_CODE = YES;
				CLANG_WARN__DUPLICATE_METHOD_MATCH = YES;
				CODE_SIGN_IDENTITY = "-";
				CODE_SIGN_STYLE = Manual;
				COPY_PHASE_STRIP = NO;
				DEBUG_INFORMATION_FORMAT = dwarf;
				DEVELOPMENT_TEAM = "";
				ENABLE_HARDENED_RUNTIME = NO;
				ENABLE_STRICT_OBJC_MSGSEND = YES;
				ENABLE_TESTABILITY = YES;
				GCC_C_LANGUAGE_STANDARD = gnu11;
				GCC_DYNAMIC_NO_PIC = NO;
				GCC_NO_COMMON_BLOCKS = YES;
				GCC_OPTIMIZATION_LEVEL = 0;
				GCC_PREPROCESSOR_DEFINITIONS = (
					"$(inherited)",
					"DEBUG=1",
				);
				GCC_WARN_64_TO_32_BIT_CONVERSION = YES;
				GCC_WARN_ABOUT_RETURN_TYPE = YES_ERROR;
				GCC_WARN_UNDECLARED_SELECTOR = YES;
				GCC_WARN_UNINITIALIZED_AUTOS = YES_AGGRESSIVE;
				GCC_WARN_UNUSED_FUNCTION = YES;
				GCC_WARN_UNUSED_VARIABLE = YES;
				MACOSX_DEPLOYMENT_TARGET = 15.0;
				MTL_ENABLE_DEBUG_INFO = INCLUDE_SOURCE;
				MTL_FAST_MATH = YES;
				ONLY_ACTIVE_ARCH = YES;
				PRODUCT_NAME = "$(TARGET_NAME)";
				SDKROOT = macosx;
				SWIFT_ACTIVE_COMPILATION_CONDITIONS = DEBUG;
				SWIFT_OPTIMIZATION_LEVEL = "-Onone";
				SWIFT_STRICT_CONCURRENCY = complete;
				SWIFT_VERSION = 6.0;
			};
			name = Debug;
		};
		4201C8649386F8090FBE15E5 /* Debug */ = {
			isa = XCBuildConfiguration;
			buildSettings = {
				BUNDLE_LOADER = "$(TEST_HOST)";
				COMBINE_HIDPI_IMAGES = YES;
				CURRENT_PROJECT_VERSION = 3;
				GENERATE_INFOPLIST_FILE = YES;
				LD_RUNPATH_SEARCH_PATHS = (
					"$(inherited)",
					"@executable_path/Frameworks",
					"@loader_path/Frameworks",
				);
				MACOSX_DEPLOYMENT_TARGET = 15.0;
				PRODUCT_BUNDLE_IDENTIFIER = app.vervain.UITests;
				SDKROOT = macosx;
				SWIFT_VERSION = 6.0;
				TEST_TARGET_NAME = Vervain;
			};
			name = Debug;
		};
		62DEA95205CFC6624F5AE4DA /* Debug */ = {
			isa = XCBuildConfiguration;
			buildSettings = {
				ASSETCATALOG_COMPILER_APPICON_NAME = AppIcon;
				CODE_SIGN_ENTITLEMENTS = Vervain/Vervain.entitlements;
				CODE_SIGN_IDENTITY = "-";
				CODE_SIGN_STYLE = Manual;
				COMBINE_HIDPI_IMAGES = YES;
				CURRENT_PROJECT_VERSION = 3;
				DEVELOPMENT_TEAM = "";
				"DEVELOPMENT_TEAM[sdk=macosx*]" = DP95N34FAN;
				ENABLE_HARDENED_RUNTIME = NO;
				INFOPLIST_FILE = Vervain/Info.plist;
				LD_RUNPATH_SEARCH_PATHS = (
					"$(inherited)",
					"@executable_path/../Frameworks",
				);
				MACOSX_DEPLOYMENT_TARGET = 15.0;
				MARKETING_VERSION = 2.0.0;
				OTHER_CODE_SIGN_FLAGS = "--deep";
				PRODUCT_BUNDLE_IDENTIFIER = app.vervain;
				SDKROOT = macosx;
				SWIFT_STRICT_CONCURRENCY = complete;
				SWIFT_VERSION = 6.0;
			};
			name = Debug;
		};
		6AC7FF3E26B642C05D435ADB /* Debug */ = {
			isa = XCBuildConfiguration;
			buildSettings = {
				BUNDLE_LOADER = "$(TEST_HOST)";
				COMBINE_HIDPI_IMAGES = YES;
				CURRENT_PROJECT_VERSION = 3;
				GENERATE_INFOPLIST_FILE = YES;
				LD_RUNPATH_SEARCH_PATHS = (
					"$(inherited)",
					"@executable_path/../Frameworks",
					"@loader_path/../Frameworks",
				);
				MACOSX_DEPLOYMENT_TARGET = 15.0;
				PRODUCT_BUNDLE_IDENTIFIER = app.vervain.Tests;
				SDKROOT = macosx;
				SWIFT_STRICT_CONCURRENCY = complete;
				SWIFT_VERSION = 6.0;
				TEST_HOST = "$(BUILT_PRODUCTS_DIR)/Vervain.app/Contents/MacOS/Vervain";
			};
			name = Debug;
		};
		8632219D8F7DC9932C9DCC9F /* Release */ = {
			isa = XCBuildConfiguration;
			buildSettings = {
				BUNDLE_LOADER = "$(TEST_HOST)";
				COMBINE_HIDPI_IMAGES = YES;
				CURRENT_PROJECT_VERSION = 3;
				GENERATE_INFOPLIST_FILE = YES;
				LD_RUNPATH_SEARCH_PATHS = (
					"$(inherited)",
					"@executable_path/../Frameworks",
					"@loader_path/../Frameworks",
				);
				MACOSX_DEPLOYMENT_TARGET = 15.0;
				PRODUCT_BUNDLE_IDENTIFIER = app.vervain.Tests;
				SDKROOT = macosx;
				SWIFT_STRICT_CONCURRENCY = complete;
				SWIFT_VERSION = 6.0;
				TEST_HOST = "$(BUILT_PRODUCTS_DIR)/Vervain.app/Contents/MacOS/Vervain";
			};
			name = Release;
		};
		C024A587828C83C23696AE25 /* Release */ = {
			isa = XCBuildConfiguration;
			buildSettings = {
				BUNDLE_LOADER = "$(TEST_HOST)";
				COMBINE_HIDPI_IMAGES = YES;
				CURRENT_PROJECT_VERSION = 3;
				GENERATE_INFOPLIST_FILE = YES;
				LD_RUNPATH_SEARCH_PATHS = (
					"$(inherited)",
					"@executable_path/Frameworks",
					"@loader_path/Frameworks",
				);
				MACOSX_DEPLOYMENT_TARGET = 15.0;
				PRODUCT_BUNDLE_IDENTIFIER = app.vervain.UITests;
				SDKROOT = macosx;
				SWIFT_VERSION = 6.0;
				TEST_TARGET_NAME = Vervain;
			};
			name = Release;
		};
		D1B9D379DD6CC0DA24E58BCF /* Release */ = {
			isa = XCBuildConfiguration;
			buildSettings = {
				ALWAYS_SEARCH_USER_PATHS = NO;
				CLANG_ANALYZER_NONNULL = YES;
				CLANG_ANALYZER_NUMBER_OBJECT_CONVERSION = YES_AGGRESSIVE;
				CLANG_CXX_LANGUAGE_STANDARD = "gnu++14";
				CLANG_CXX_LIBRARY = "libc++";
				CLANG_ENABLE_MODULES = YES;
				CLANG_ENABLE_OBJC_ARC = YES;
				CLANG_ENABLE_OBJC_WEAK = YES;
				CLANG_WARN_BLOCK_CAPTURE_AUTORELEASING = YES;
				CLANG_WARN_BOOL_CONVERSION = YES;
				CLANG_WARN_COMMA = YES;
				CLANG_WARN_CONSTANT_CONVERSION = YES;
				CLANG_WARN_DEPRECATED_OBJC_IMPLEMENTATIONS = YES;
				CLANG_WARN_DIRECT_OBJC_ISA_USAGE = YES_ERROR;
				CLANG_WARN_DOCUMENTATION_COMMENTS = YES;
				CLANG_WARN_EMPTY_BODY = YES;
				CLANG_WARN_ENUM_CONVERSION = YES;
				CLANG_WARN_INFINITE_RECURSION = YES;
				CLANG_WARN_INT_CONVERSION = YES;
				CLANG_WARN_NON_LITERAL_NULL_CONVERSION = YES;
				CLANG_WARN_OBJC_IMPLICIT_RETAIN_SELF = YES;
				CLANG_WARN_OBJC_LITERAL_CONVERSION = YES;
				CLANG_WARN_OBJC_ROOT_CLASS = YES_ERROR;
				CLANG_WARN_QUOTED_INCLUDE_IN_FRAMEWORK_HEADER = YES;
				CLANG_WARN_RANGE_LOOP_ANALYSIS = YES;
				CLANG_WARN_STRICT_PROTOTYPES = YES;
				CLANG_WARN_SUSPICIOUS_MOVE = YES;
				CLANG_WARN_UNGUARDED_AVAILABILITY = YES_AGGRESSIVE;
				CLANG_WARN_UNREACHABLE_CODE = YES;
				CLANG_WARN__DUPLICATE_METHOD_MATCH = YES;
				CODE_SIGN_IDENTITY = "-";
				CODE_SIGN_STYLE = Manual;
				COPY_PHASE_STRIP = NO;
				DEBUG_INFORMATION_FORMAT = "dwarf-with-dsym";
				DEVELOPMENT_TEAM = "";
				ENABLE_HARDENED_RUNTIME = NO;
				ENABLE_NS_ASSERTIONS = NO;
				ENABLE_STRICT_OBJC_MSGSEND = YES;
				GCC_C_LANGUAGE_STANDARD = gnu11;
				GCC_NO_COMMON_BLOCKS = YES;
				GCC_WARN_64_TO_32_BIT_CONVERSION = YES;
				GCC_WARN_ABOUT_RETURN_TYPE = YES_ERROR;
				GCC_WARN_UNDECLARED_SELECTOR = YES;
				GCC_WARN_UNINITIALIZED_AUTOS = YES_AGGRESSIVE;
				GCC_WARN_UNUSED_FUNCTION = YES;
				GCC_WARN_UNUSED_VARIABLE = YES;
				MACOSX_DEPLOYMENT_TARGET = 15.0;
				MTL_ENABLE_DEBUG_INFO = NO;
				MTL_FAST_MATH = YES;
				PRODUCT_NAME = "$(TARGET_NAME)";
				SDKROOT = macosx;
				SWIFT_COMPILATION_MODE = wholemodule;
				SWIFT_OPTIMIZATION_LEVEL = "-O";
				SWIFT_STRICT_CONCURRENCY = complete;
				SWIFT_VERSION = 6.0;
			};
			name = Release;
		};
		F079CEBA12A56241A5D0D3BC /* Release */ = {
			isa = XCBuildConfiguration;
			buildSettings = {
				ASSETCATALOG_COMPILER_APPICON_NAME = AppIcon;
				CODE_SIGN_ENTITLEMENTS = Vervain/Vervain.Release.entitlements;
				CODE_SIGN_IDENTITY = "-";
				CODE_SIGN_STYLE = Manual;
				COMBINE_HIDPI_IMAGES = YES;
				CURRENT_PROJECT_VERSION = 3;
				DEVELOPMENT_TEAM = "";
				"DEVELOPMENT_TEAM[sdk=macosx*]" = DP95N34FAN;
				ENABLE_HARDENED_RUNTIME = YES;
				INFOPLIST_FILE = Vervain/Info.plist;
				LD_RUNPATH_SEARCH_PATHS = (
					"$(inherited)",
					"@executable_path/../Frameworks",
				);
				MACOSX_DEPLOYMENT_TARGET = 15.0;
				MARKETING_VERSION = 2.0.0;
				OTHER_CODE_SIGN_FLAGS = "--deep";
				PRODUCT_BUNDLE_IDENTIFIER = app.vervain;
				SDKROOT = macosx;
				SWIFT_STRICT_CONCURRENCY = complete;
				SWIFT_VERSION = 6.0;
			};
			name = Release;
		};
/* End XCBuildConfiguration section */

/* Begin XCConfigurationList section */
		25F40856927F2EE5BC50A0FB /* Build configuration list for PBXNativeTarget "VervainTests" */ = {
			isa = XCConfigurationList;
			buildConfigurations = (
				6AC7FF3E26B642C05D435ADB /* Debug */,
				8632219D8F7DC9932C9DCC9F /* Release */,
			);
			defaultConfigurationIsVisible = 0;
			defaultConfigurationName = Debug;
		};
		2754925F163D15C85EDF494D /* Build configuration list for PBXNativeTarget "Vervain" */ = {
			isa = XCConfigurationList;
			buildConfigurations = (
				62DEA95205CFC6624F5AE4DA /* Debug */,
				F079CEBA12A56241A5D0D3BC /* Release */,
			);
			defaultConfigurationIsVisible = 0;
			defaultConfigurationName = Debug;
		};
		2ABAFAE07AA42044AE58F688 /* Build configuration list for PBXProject "Vervain" */ = {
			isa = XCConfigurationList;
			buildConfigurations = (
				0794DC5454CB748EC1374422 /* Debug */,
				D1B9D379DD6CC0DA24E58BCF /* Release */,
			);
			defaultConfigurationIsVisible = 0;
			defaultConfigurationName = Debug;
		};
		91ED7AE24D42A1D8D36C0A34 /* Build configuration list for PBXNativeTarget "VervainUITests" */ = {
			isa = XCConfigurationList;
			buildConfigurations = (
				4201C8649386F8090FBE15E5 /* Debug */,
				C024A587828C83C23696AE25 /* Release */,
			);
			defaultConfigurationIsVisible = 0;
			defaultConfigurationName = Debug;
		};
/* End XCConfigurationList section */
	};
	rootObject = 37BE87544E2EC9F6FF1CD280 /* Project object */;
}
